PODS:
  - ObjectMapper (0.14)
  - RxCocoa (1.9):
    - RxSwift
  - RxSwift (1.9)
  - XWebView (0.9.2):
    - XWebView/HttpServer (= 0.9.2)
    - XWebView/Invocation (= 0.9.2)
  - XWebView/HttpServer (0.9.2)
  - XWebView/Invocation (0.9.2)

DEPENDENCIES:
  - ObjectMapper
  - RxCocoa (~> 1.9)
  - RxSwift (~> 1.9)
  - XWebView

SPEC CHECKSUMS:
  ObjectMapper: 45b97fa0a68c3851daad3efca87bc6c1ab1718c0
  RxCocoa: 6ef9cc14418d5bbda067550e46f5949a3eeca37d
  RxSwift: 204bf4262908521aa815ec850d93e87e9d635dd5
  XWebView: 946c6758d10d1ae2a5d70e59e04709fbb741f5c4

COCOAPODS: 0.38.2
