// !$*UTF8*$!
{
	archiveVersion = 1;
	classes = {
	};
	objectVersion = 46;
	objects = {

/* Begin PBXBuildFile section */
		1B3379CD1B4C2CDE00257BA5 /* TestModel.swift in Sources */ = {isa = PBXBuildFile; fileRef = 1B3379CC1B4C2CDE00257BA5 /* TestModel.swift */; };
		1B3379CF1B4C31FC00257BA5 /* BridgeMessageStreamProtocol.swift in Sources */ = {isa = PBXBuildFile; fileRef = 1B3379CE1B4C31FC00257BA5 /* BridgeMessageStreamProtocol.swift */; };
		1B3379D11B4C38D600257BA5 /* Post.swift in Sources */ = {isa = PBXBuildFile; fileRef = 1B3379D01B4C38D600257BA5 /* Post.swift */; };
		1B3379D31B4C390C00257BA5 /* PostList.swift in Sources */ = {isa = PBXBuildFile; fileRef = 1B3379D21B4C390C00257BA5 /* PostList.swift */; };
		1B3379D91B4C3C8600257BA5 /* PostCell.swift in Sources */ = {isa = PBXBuildFile; fileRef = 1B3379D81B4C3C8600257BA5 /* PostCell.swift */; };
		1B3379DB1B4C3DA400257BA5 /* PostsDataSource.swift in Sources */ = {isa = PBXBuildFile; fileRef = 1B3379DA1B4C3DA400257BA5 /* PostsDataSource.swift */; };
		1B353E551B4C213000D92E62 /* BridgeMessageStream.swift in Sources */ = {isa = PBXBuildFile; fileRef = 1B353E541B4C213000D92E62 /* BridgeMessageStream.swift */; };
		1B6898BA1B4B6EF20035EFC9 /* AppDelegate.swift in Sources */ = {isa = PBXBuildFile; fileRef = 1B6898B91B4B6EF20035EFC9 /* AppDelegate.swift */; };
		1B6898BC1B4B6EF20035EFC9 /* ViewController.swift in Sources */ = {isa = PBXBuildFile; fileRef = 1B6898BB1B4B6EF20035EFC9 /* ViewController.swift */; };
		1B6898BF1B4B6EF20035EFC9 /* Main.storyboard in Resources */ = {isa = PBXBuildFile; fileRef = 1B6898BD1B4B6EF20035EFC9 /* Main.storyboard */; };
		1B6898C11B4B6EF20035EFC9 /* Images.xcassets in Resources */ = {isa = PBXBuildFile; fileRef = 1B6898C01B4B6EF20035EFC9 /* Images.xcassets */; };
		1B6898C41B4B6EF20035EFC9 /* LaunchScreen.xib in Resources */ = {isa = PBXBuildFile; fileRef = 1B6898C21B4B6EF20035EFC9 /* LaunchScreen.xib */; };
		1B6898D01B4B6EF20035EFC9 /* RxSwiftBridgeTestTests.swift in Sources */ = {isa = PBXBuildFile; fileRef = 1B6898CF1B4B6EF20035EFC9 /* RxSwiftBridgeTestTests.swift */; };
		1B6898DB1B4B6FDF0035EFC9 /* JSBridge.swift in Sources */ = {isa = PBXBuildFile; fileRef = 1B6898DA1B4B6FDF0035EFC9 /* JSBridge.swift */; };
		1B6898DD1B4BA8880035EFC9 /* Assets in Resources */ = {isa = PBXBuildFile; fileRef = 1B6898DC1B4BA8880035EFC9 /* Assets */; };
		1B6898DF1B4BAD460035EFC9 /* BridgeMessageHandler.swift in Sources */ = {isa = PBXBuildFile; fileRef = 1B6898DE1B4BAD460035EFC9 /* BridgeMessageHandler.swift */; };
		1BC528171B4CC3AB003B4AB7 /* ScriptModule.swift in Sources */ = {isa = PBXBuildFile; fileRef = 1BC528161B4CC3AB003B4AB7 /* ScriptModule.swift */; };
		1BC528191B4CC825003B4AB7 /* BridgeNavigationDelegate.swift in Sources */ = {isa = PBXBuildFile; fileRef = 1BC528181B4CC825003B4AB7 /* BridgeNavigationDelegate.swift */; };
		5D3A51000601CD72F46487A3 /* Pods_RxSwiftBridgeTest.framework in Frameworks */ = {isa = PBXBuildFile; fileRef = 77F2F6FD4683035CE1F26E52 /* Pods_RxSwiftBridgeTest.framework */; settings = {ATTRIBUTES = (Weak, ); }; };
/* End PBXBuildFile section */

/* Begin PBXContainerItemProxy section */
		1B6898CA1B4B6EF20035EFC9 /* PBXContainerItemProxy */ = {
			isa = PBXContainerItemProxy;
			containerPortal = 1B6898AC1B4B6EF20035EFC9 /* Project object */;
			proxyType = 1;
			remoteGlobalIDString = 1B6898B31B4B6EF20035EFC9;
			remoteInfo = RxSwiftBridgeTest;
		};
/* End PBXContainerItemProxy section */

/* Begin PBXFileReference section */
		02F337FDB7615AA63E8DCE94 /* Pods-RxSwiftBridgeTest.release.xcconfig */ = {isa = PBXFileReference; includeInIndex = 1; lastKnownFileType = text.xcconfig; name = "Pods-RxSwiftBridgeTest.release.xcconfig"; path = "Pods/Target Support Files/Pods-RxSwiftBridgeTest/Pods-RxSwiftBridgeTest.release.xcconfig"; sourceTree = "<group>"; };
		1B3379CC1B4C2CDE00257BA5 /* TestModel.swift */ = {isa = PBXFileReference; fileEncoding = 4; lastKnownFileType = sourcecode.swift; path = TestModel.swift; sourceTree = "<group>"; };
		1B3379CE1B4C31FC00257BA5 /* BridgeMessageStreamProtocol.swift */ = {isa = PBXFileReference; fileEncoding = 4; lastKnownFileType = sourcecode.swift; path = BridgeMessageStreamProtocol.swift; sourceTree = "<group>"; };
		1B3379D01B4C38D600257BA5 /* Post.swift */ = {isa = PBXFileReference; fileEncoding = 4; lastKnownFileType = sourcecode.swift; path = Post.swift; sourceTree = "<group>"; };
		1B3379D21B4C390C00257BA5 /* PostList.swift */ = {isa = PBXFileReference; fileEncoding = 4; lastKnownFileType = sourcecode.swift; path = PostList.swift; sourceTree = "<group>"; };
		1B3379D81B4C3C8600257BA5 /* PostCell.swift */ = {isa = PBXFileReference; fileEncoding = 4; lastKnownFileType = sourcecode.swift; path = PostCell.swift; sourceTree = "<group>"; };
		1B3379DA1B4C3DA400257BA5 /* PostsDataSource.swift */ = {isa = PBXFileReference; fileEncoding = 4; lastKnownFileType = sourcecode.swift; path = PostsDataSource.swift; sourceTree = "<group>"; };
		1B353E541B4C213000D92E62 /* BridgeMessageStream.swift */ = {isa = PBXFileReference; fileEncoding = 4; lastKnownFileType = sourcecode.swift; path = BridgeMessageStream.swift; sourceTree = "<group>"; };
		1B6898B41B4B6EF20035EFC9 /* RxSwiftBridgeTest.app */ = {isa = PBXFileReference; explicitFileType = wrapper.application; includeInIndex = 0; path = RxSwiftBridgeTest.app; sourceTree = BUILT_PRODUCTS_DIR; };
		1B6898B81B4B6EF20035EFC9 /* Info.plist */ = {isa = PBXFileReference; lastKnownFileType = text.plist.xml; path = Info.plist; sourceTree = "<group>"; };
		1B6898B91B4B6EF20035EFC9 /* AppDelegate.swift */ = {isa = PBXFileReference; lastKnownFileType = sourcecode.swift; path = AppDelegate.swift; sourceTree = "<group>"; };
		1B6898BB1B4B6EF20035EFC9 /* ViewController.swift */ = {isa = PBXFileReference; lastKnownFileType = sourcecode.swift; path = ViewController.swift; sourceTree = "<group>"; };
		1B6898BE1B4B6EF20035EFC9 /* Base */ = {isa = PBXFileReference; lastKnownFileType = file.storyboard; name = Base; path = Base.lproj/Main.storyboard; sourceTree = "<group>"; };
		1B6898C01B4B6EF20035EFC9 /* Images.xcassets */ = {isa = PBXFileReference; lastKnownFileType = folder.assetcatalog; path = Images.xcassets; sourceTree = "<group>"; };
		1B6898C31B4B6EF20035EFC9 /* Base */ = {isa = PBXFileReference; lastKnownFileType = file.xib; name = Base; path = Base.lproj/LaunchScreen.xib; sourceTree = "<group>"; };
		1B6898C91B4B6EF20035EFC9 /* RxSwiftBridgeTestTests.xctest */ = {isa = PBXFileReference; explicitFileType = wrapper.cfbundle; includeInIndex = 0; path = RxSwiftBridgeTestTests.xctest; sourceTree = BUILT_PRODUCTS_DIR; };
		1B6898CE1B4B6EF20035EFC9 /* Info.plist */ = {isa = PBXFileReference; lastKnownFileType = text.plist.xml; path = Info.plist; sourceTree = "<group>"; };
		1B6898CF1B4B6EF20035EFC9 /* RxSwiftBridgeTestTests.swift */ = {isa = PBXFileReference; lastKnownFileType = sourcecode.swift; path = RxSwiftBridgeTestTests.swift; sourceTree = "<group>"; };
		1B6898DA1B4B6FDF0035EFC9 /* JSBridge.swift */ = {isa = PBXFileReference; fileEncoding = 4; lastKnownFileType = sourcecode.swift; path = JSBridge.swift; sourceTree = "<group>"; };
		1B6898DC1B4BA8880035EFC9 /* Assets */ = {isa = PBXFileReference; lastKnownFileType = folder; path = Assets; sourceTree = "<group>"; };
		1B6898DE1B4BAD460035EFC9 /* BridgeMessageHandler.swift */ = {isa = PBXFileReference; fileEncoding = 4; lastKnownFileType = sourcecode.swift; path = BridgeMessageHandler.swift; sourceTree = "<group>"; };
		1BC528161B4CC3AB003B4AB7 /* ScriptModule.swift */ = {isa = PBXFileReference; fileEncoding = 4; lastKnownFileType = sourcecode.swift; path = ScriptModule.swift; sourceTree = "<group>"; };
		1BC528181B4CC825003B4AB7 /* BridgeNavigationDelegate.swift */ = {isa = PBXFileReference; fileEncoding = 4; lastKnownFileType = sourcecode.swift; path = BridgeNavigationDelegate.swift; sourceTree = "<group>"; };
		77F2F6FD4683035CE1F26E52 /* Pods_RxSwiftBridgeTest.framework */ = {isa = PBXFileReference; explicitFileType = wrapper.framework; includeInIndex = 0; path = Pods_RxSwiftBridgeTest.framework; sourceTree = BUILT_PRODUCTS_DIR; };
		8A23419D9648163756F7CCB9 /* Pods-RxSwiftBridgeTest.debug.xcconfig */ = {isa = PBXFileReference; includeInIndex = 1; lastKnownFileType = text.xcconfig; name = "Pods-RxSwiftBridgeTest.debug.xcconfig"; path = "Pods/Target Support Files/Pods-RxSwiftBridgeTest/Pods-RxSwiftBridgeTest.debug.xcconfig"; sourceTree = "<group>"; };
/* End PBXFileReference section */

/* Begin PBXFrameworksBuildPhase section */
		1B6898B11B4B6EF20035EFC9 /* Frameworks */ = {
			isa = PBXFrameworksBuildPhase;
			buildActionMask = 2147483647;
			files = (
				5D3A51000601CD72F46487A3 /* Pods_RxSwiftBridgeTest.framework in Frameworks */,
			);
			runOnlyForDeploymentPostprocessing = 0;
		};
		1B6898C61B4B6EF20035EFC9 /* Frameworks */ = {
			isa = PBXFrameworksBuildPhase;
			buildActionMask = 2147483647;
			files = (
			);
			runOnlyForDeploymentPostprocessing = 0;
		};
/* End PBXFrameworksBuildPhase section */

/* Begin PBXGroup section */
		1B6898AB1B4B6EF20035EFC9 = {
			isa = PBXGroup;
			children = (
				1B6898B61B4B6EF20035EFC9 /* RxSwiftBridgeTest */,
				1B6898CC1B4B6EF20035EFC9 /* RxSwiftBridgeTestTests */,
				1B6898B51B4B6EF20035EFC9 /* Products */,
				82E0D47EF7DBBCD51031241F /* Pods */,
				9A6C0C437D0EEB8EC215A969 /* Frameworks */,
			);
			sourceTree = "<group>";
		};
		1B6898B51B4B6EF20035EFC9 /* Products */ = {
			isa = PBXGroup;
			children = (
				1B6898B41B4B6EF20035EFC9 /* RxSwiftBridgeTest.app */,
				1B6898C91B4B6EF20035EFC9 /* RxSwiftBridgeTestTests.xctest */,
			);
			name = Products;
			sourceTree = "<group>";
		};
		1B6898B61B4B6EF20035EFC9 /* RxSwiftBridgeTest */ = {
			isa = PBXGroup;
			children = (
				1B6898DC1B4BA8880035EFC9 /* Assets */,
				1B6898D91B4B6FC50035EFC9 /* Bridge */,
				1B6898B91B4B6EF20035EFC9 /* AppDelegate.swift */,
				1B6898BB1B4B6EF20035EFC9 /* ViewController.swift */,
				1B3379CC1B4C2CDE00257BA5 /* TestModel.swift */,
				1B6898BD1B4B6EF20035EFC9 /* Main.storyboard */,
				1B6898C01B4B6EF20035EFC9 /* Images.xcassets */,
				1B6898C21B4B6EF20035EFC9 /* LaunchScreen.xib */,
				1B6898B71B4B6EF20035EFC9 /* Supporting Files */,
				1B3379D01B4C38D600257BA5 /* Post.swift */,
				1B3379D21B4C390C00257BA5 /* PostList.swift */,
				1B3379D81B4C3C8600257BA5 /* PostCell.swift */,
				1B3379DA1B4C3DA400257BA5 /* PostsDataSource.swift */,
			);
			path = RxSwiftBridgeTest;
			sourceTree = "<group>";
		};
		1B6898B71B4B6EF20035EFC9 /* Supporting Files */ = {
			isa = PBXGroup;
			children = (
				1B6898B81B4B6EF20035EFC9 /* Info.plist */,
			);
			name = "Supporting Files";
			sourceTree = "<group>";
		};
		1B6898CC1B4B6EF20035EFC9 /* RxSwiftBridgeTestTests */ = {
			isa = PBXGroup;
			children = (
				1B6898CF1B4B6EF20035EFC9 /* RxSwiftBridgeTestTests.swift */,
				1B6898CD1B4B6EF20035EFC9 /* Supporting Files */,
			);
			path = RxSwiftBridgeTestTests;
			sourceTree = "<group>";
		};
		1B6898CD1B4B6EF20035EFC9 /* Supporting Files */ = {
			isa = PBXGroup;
			children = (
				1B6898CE1B4B6EF20035EFC9 /* Info.plist */,
			);
			name = "Supporting Files";
			sourceTree = "<group>";
		};
		1B6898D91B4B6FC50035EFC9 /* Bridge */ = {
			isa = PBXGroup;
			children = (
				1B6898DA1B4B6FDF0035EFC9 /* JSBridge.swift */,
				1B6898DE1B4BAD460035EFC9 /* BridgeMessageHandler.swift */,
				1B353E541B4C213000D92E62 /* BridgeMessageStream.swift */,
				1B3379CE1B4C31FC00257BA5 /* BridgeMessageStreamProtocol.swift */,
				1BC528161B4CC3AB003B4AB7 /* ScriptModule.swift */,
				1BC528181B4CC825003B4AB7 /* BridgeNavigationDelegate.swift */,
			);
			name = Bridge;
			sourceTree = "<group>";
		};
		82E0D47EF7DBBCD51031241F /* Pods */ = {
			isa = PBXGroup;
			children = (
				8A23419D9648163756F7CCB9 /* Pods-RxSwiftBridgeTest.debug.xcconfig */,
				02F337FDB7615AA63E8DCE94 /* Pods-RxSwiftBridgeTest.release.xcconfig */,
			);
			name = Pods;
			sourceTree = "<group>";
		};
		9A6C0C437D0EEB8EC215A969 /* Frameworks */ = {
			isa = PBXGroup;
			children = (
				77F2F6FD4683035CE1F26E52 /* Pods_RxSwiftBridgeTest.framework */,
			);
			name = Frameworks;
			sourceTree = "<group>";
		};
/* End PBXGroup section */

/* Begin PBXNativeTarget section */
		1B6898B31B4B6EF20035EFC9 /* RxSwiftBridgeTest */ = {
			isa = PBXNativeTarget;
			buildConfigurationList = 1B6898D31B4B6EF20035EFC9 /* Build configuration list for PBXNativeTarget "RxSwiftBridgeTest" */;
			buildPhases = (
				25923DECC887F527925950B4 /* Check Pods Manifest.lock */,
				1B6898B01B4B6EF20035EFC9 /* Sources */,
				1B6898B11B4B6EF20035EFC9 /* Frameworks */,
				1B6898B21B4B6EF20035EFC9 /* Resources */,
				80461C788448DD873A4303D0 /* Embed Pods Frameworks */,
				7CF50BF3F169CB05529D806F /* Copy Pods Resources */,
			);
			buildRules = (
			);
			dependencies = (
			);
			name = RxSwiftBridgeTest;
			productName = RxSwiftBridgeTest;
			productReference = 1B6898B41B4B6EF20035EFC9 /* RxSwiftBridgeTest.app */;
			productType = "com.apple.product-type.application";
		};
		1B6898C81B4B6EF20035EFC9 /* RxSwiftBridgeTestTests */ = {
			isa = PBXNativeTarget;
			buildConfigurationList = 1B6898D61B4B6EF20035EFC9 /* Build configuration list for PBXNativeTarget "RxSwiftBridgeTestTests" */;
			buildPhases = (
				1B6898C51B4B6EF20035EFC9 /* Sources */,
				1B6898C61B4B6EF20035EFC9 /* Frameworks */,
				1B6898C71B4B6EF20035EFC9 /* Resources */,
			);
			buildRules = (
			);
			dependencies = (
				1B6898CB1B4B6EF20035EFC9 /* PBXTargetDependency */,
			);
			name = RxSwiftBridgeTestTests;
			productName = RxSwiftBridgeTestTests;
			productReference = 1B6898C91B4B6EF20035EFC9 /* RxSwiftBridgeTestTests.xctest */;
			productType = "com.apple.product-type.bundle.unit-test";
		};
/* End PBXNativeTarget section */

/* Begin PBXProject section */
		1B6898AC1B4B6EF20035EFC9 /* Project object */ = {
			isa = PBXProject;
			attributes = {
				LastUpgradeCheck = 0620;
				ORGANIZATIONNAME = "Chris Fraser";
				TargetAttributes = {
					1B6898B31B4B6EF20035EFC9 = {
						CreatedOnToolsVersion = 6.2;
					};
					1B6898C81B4B6EF20035EFC9 = {
						CreatedOnToolsVersion = 6.2;
						TestTargetID = 1B6898B31B4B6EF20035EFC9;
					};
				};
			};
			buildConfigurationList = 1B6898AF1B4B6EF20035EFC9 /* Build configuration list for PBXProject "RxSwiftBridgeTest" */;
			compatibilityVersion = "Xcode 3.2";
			developmentRegion = English;
			hasScannedForEncodings = 0;
			knownRegions = (
				en,
				Base,
			);
			mainGroup = 1B6898AB1B4B6EF20035EFC9;
			productRefGroup = 1B6898B51B4B6EF20035EFC9 /* Products */;
			projectDirPath = "";
			projectRoot = "";
			targets = (
				1B6898B31B4B6EF20035EFC9 /* RxSwiftBridgeTest */,
				1B6898C81B4B6EF20035EFC9 /* RxSwiftBridgeTestTests */,
			);
		};
/* End PBXProject section */

/* Begin PBXResourcesBuildPhase section */
		1B6898B21B4B6EF20035EFC9 /* Resources */ = {
			isa = PBXResourcesBuildPhase;
			buildActionMask = 2147483647;
			files = (
				1B6898BF1B4B6EF20035EFC9 /* Main.storyboard in Resources */,
				1B6898DD1B4BA8880035EFC9 /* Assets in Resources */,
				1B6898C41B4B6EF20035EFC9 /* LaunchScreen.xib in Resources */,
				1B6898C11B4B6EF20035EFC9 /* Images.xcassets in Resources */,
			);
			runOnlyForDeploymentPostprocessing = 0;
		};
		1B6898C71B4B6EF20035EFC9 /* Resources */ = {
			isa = PBXResourcesBuildPhase;
			buildActionMask = 2147483647;
			files = (
			);
			runOnlyForDeploymentPostprocessing = 0;
		};
/* End PBXResourcesBuildPhase section */

/* Begin PBXShellScriptBuildPhase section */
		25923DECC887F527925950B4 /* Check Pods Manifest.lock */ = {
			isa = PBXShellScriptBuildPhase;
			buildActionMask = 2147483647;
			files = (
			);
			inputPaths = (
			);
			name = "Check Pods Manifest.lock";
			outputPaths = (
			);
			runOnlyForDeploymentPostprocessing = 0;
			shellPath = /bin/sh;
			shellScript = "diff \"${PODS_ROOT}/../Podfile.lock\" \"${PODS_ROOT}/Manifest.lock\" > /dev/null\nif [[ $? != 0 ]] ; then\n    cat << EOM\nerror: The sandbox is not in sync with the Podfile.lock. Run 'pod install' or update your CocoaPods installation.\nEOM\n    exit 1\nfi\n";
			showEnvVarsInLog = 0;
		};
		7CF50BF3F169CB05529D806F /* Copy Pods Resources */ = {
			isa = PBXShellScriptBuildPhase;
			buildActionMask = 2147483647;
			files = (
			);
			inputPaths = (
			);
			name = "Copy Pods Resources";
			outputPaths = (
			);
			runOnlyForDeploymentPostprocessing = 0;
			shellPath = /bin/sh;
			shellScript = "\"${SRCROOT}/Pods/Target Support Files/Pods-RxSwiftBridgeTest/Pods-RxSwiftBridgeTest-resources.sh\"\n";
			showEnvVarsInLog = 0;
		};
		80461C788448DD873A4303D0 /* Embed Pods Frameworks */ = {
			isa = PBXShellScriptBuildPhase;
			buildActionMask = 2147483647;
			files = (
			);
			inputPaths = (
			);
			name = "Embed Pods Frameworks";
			outputPaths = (
			);
			runOnlyForDeploymentPostprocessing = 0;
			shellPath = /bin/sh;
			shellScript = "\"${SRCROOT}/Pods/Target Support Files/Pods-RxSwiftBridgeTest/Pods-RxSwiftBridgeTest-frameworks.sh\"\n";
			showEnvVarsInLog = 0;
		};
/* End PBXShellScriptBuildPhase section */

/* Begin PBXSourcesBuildPhase section */
		1B6898B01B4B6EF20035EFC9 /* Sources */ = {
			isa = PBXSourcesBuildPhase;
			buildActionMask = 2147483647;
			files = (
				1B6898BC1B4B6EF20035EFC9 /* ViewController.swift in Sources */,
				1B3379D31B4C390C00257BA5 /* PostList.swift in Sources */,
				1B3379CF1B4C31FC00257BA5 /* BridgeMessageStreamProtocol.swift in Sources */,
				1B353E551B4C213000D92E62 /* BridgeMessageStream.swift in Sources */,
				1B3379D11B4C38D600257BA5 /* Post.swift in Sources */,
				1B6898DF1B4BAD460035EFC9 /* BridgeMessageHandler.swift in Sources */,
				1B3379CD1B4C2CDE00257BA5 /* TestModel.swift in Sources */,
				1BC528191B4CC825003B4AB7 /* BridgeNavigationDelegate.swift in Sources */,
				1B3379DB1B4C3DA400257BA5 /* PostsDataSource.swift in Sources */,
				1BC528171B4CC3AB003B4AB7 /* ScriptModule.swift in Sources */,
				1B6898DB1B4B6FDF0035EFC9 /* JSBridge.swift in Sources */,
				1B6898BA1B4B6EF20035EFC9 /* AppDelegate.swift in Sources */,
				1B3379D91B4C3C8600257BA5 /* PostCell.swift in Sources */,
			);
			runOnlyForDeploymentPostprocessing = 0;
		};
		1B6898C51B4B6EF20035EFC9 /* Sources */ = {
			isa = PBXSourcesBuildPhase;
			buildActionMask = 2147483647;
			files = (
				1B6898D01B4B6EF20035EFC9 /* RxSwiftBridgeTestTests.swift in Sources */,
			);
			runOnlyForDeploymentPostprocessing = 0;
		};
/* End PBXSourcesBuildPhase section */

/* Begin PBXTargetDependency section */
		1B6898CB1B4B6EF20035EFC9 /* PBXTargetDependency */ = {
			isa = PBXTargetDependency;
			target = 1B6898B31B4B6EF20035EFC9 /* RxSwiftBridgeTest */;
			targetProxy = 1B6898CA1B4B6EF20035EFC9 /* PBXContainerItemProxy */;
		};
/* End PBXTargetDependency section */

/* Begin PBXVariantGroup section */
		1B6898BD1B4B6EF20035EFC9 /* Main.storyboard */ = {
			isa = PBXVariantGroup;
			children = (
				1B6898BE1B4B6EF20035EFC9 /* Base */,
			);
			name = Main.storyboard;
			sourceTree = "<group>";
		};
		1B6898C21B4B6EF20035EFC9 /* LaunchScreen.xib */ = {
			isa = PBXVariantGroup;
			children = (
				1B6898C31B4B6EF20035EFC9 /* Base */,
			);
			name = LaunchScreen.xib;
			sourceTree = "<group>";
		};
/* End PBXVariantGroup section */

/* Begin XCBuildConfiguration section */
		1B6898D11B4B6EF20035EFC9 /* Debug */ = {
			isa = XCBuildConfiguration;
			buildSettings = {
				ALWAYS_SEARCH_USER_PATHS = NO;
				CLANG_CXX_LANGUAGE_STANDARD = "gnu++0x";
				CLANG_CXX_LIBRARY = "libc++";
				CLANG_ENABLE_MODULES = YES;
				CLANG_ENABLE_OBJC_ARC = YES;
				CLANG_WARN_BOOL_CONVERSION = YES;
				CLANG_WARN_CONSTANT_CONVERSION = YES;
				CLANG_WARN_DIRECT_OBJC_ISA_USAGE = YES_ERROR;
				CLANG_WARN_EMPTY_BODY = YES;
				CLANG_WARN_ENUM_CONVERSION = YES;
				CLANG_WARN_INT_CONVERSION = YES;
				CLANG_WARN_OBJC_ROOT_CLASS = YES_ERROR;
				CLANG_WARN_UNREACHABLE_CODE = YES;
				CLANG_WARN__DUPLICATE_METHOD_MATCH = YES;
				"CODE_SIGN_IDENTITY[sdk=iphoneos*]" = "iPhone Developer";
				COPY_PHASE_STRIP = NO;
				ENABLE_STRICT_OBJC_MSGSEND = YES;
				GCC_C_LANGUAGE_STANDARD = gnu99;
				GCC_DYNAMIC_NO_PIC = NO;
				GCC_OPTIMIZATION_LEVEL = 0;
				GCC_PREPROCESSOR_DEFINITIONS = (
					"DEBUG=1",
					"$(inherited)",
				);
				GCC_SYMBOLS_PRIVATE_EXTERN = NO;
				GCC_WARN_64_TO_32_BIT_CONVERSION = YES;
				GCC_WARN_ABOUT_RETURN_TYPE = YES_ERROR;
				GCC_WARN_UNDECLARED_SELECTOR = YES;
				GCC_WARN_UNINITIALIZED_AUTOS = YES_AGGRESSIVE;
				GCC_WARN_UNUSED_FUNCTION = YES;
				GCC_WARN_UNUSED_VARIABLE = YES;
				IPHONEOS_DEPLOYMENT_TARGET = 8.2;
				MTL_ENABLE_DEBUG_INFO = YES;
				ONLY_ACTIVE_ARCH = YES;
				SDKROOT = iphoneos;
				SWIFT_OPTIMIZATION_LEVEL = "-Onone";
				TARGETED_DEVICE_FAMILY = "1,2";
			};
			name = Debug;
		};
		1B6898D21B4B6EF20035EFC9 /* Release */ = {
			isa = XCBuildConfiguration;
			buildSettings = {
				ALWAYS_SEARCH_USER_PATHS = NO;
				CLANG_CXX_LANGUAGE_STANDARD = "gnu++0x";
				CLANG_CXX_LIBRARY = "libc++";
				CLANG_ENABLE_MODULES = YES;
				CLANG_ENABLE_OBJC_ARC = YES;
				CLANG_WARN_BOOL_CONVERSION = YES;
				CLANG_WARN_CONSTANT_CONVERSION = YES;
				CLANG_WARN_DIRECT_OBJC_ISA_USAGE = YES_ERROR;
				CLANG_WARN_EMPTY_BODY = YES;
				CLANG_WARN_ENUM_CONVERSION = YES;
				CLANG_WARN_INT_CONVERSION = YES;
				CLANG_WARN_OBJC_ROOT_CLASS = YES_ERROR;
				CLANG_WARN_UNREACHABLE_CODE = YES;
				CLANG_WARN__DUPLICATE_METHOD_MATCH = YES;
				"CODE_SIGN_IDENTITY[sdk=iphoneos*]" = "iPhone Developer";
				COPY_PHASE_STRIP = NO;
				ENABLE_NS_ASSERTIONS = NO;
				ENABLE_STRICT_OBJC_MSGSEND = YES;
				GCC_C_LANGUAGE_STANDARD = gnu99;
				GCC_WARN_64_TO_32_BIT_CONVERSION = YES;
				GCC_WARN_ABOUT_RETURN_TYPE = YES_ERROR;
				GCC_WARN_UNDECLARED_SELECTOR = YES;
				GCC_WARN_UNINITIALIZED_AUTOS = YES_AGGRESSIVE;
				GCC_WARN_UNUSED_FUNCTION = YES;
				GCC_WARN_UNUSED_VARIABLE = YES;
				IPHONEOS_DEPLOYMENT_TARGET = 8.2;
				MTL_ENABLE_DEBUG_INFO = NO;
				SDKROOT = iphoneos;
				TARGETED_DEVICE_FAMILY = "1,2";
				VALIDATE_PRODUCT = YES;
			};
			name = Release;
		};
		1B6898D41B4B6EF20035EFC9 /* Debug */ = {
			isa = XCBuildConfiguration;
			baseConfigurationReference = 8A23419D9648163756F7CCB9 /* Pods-RxSwiftBridgeTest.debug.xcconfig */;
			buildSettings = {
				ASSETCATALOG_COMPILER_APPICON_NAME = AppIcon;
				INFOPLIST_FILE = RxSwiftBridgeTest/Info.plist;
				LD_RUNPATH_SEARCH_PATHS = "$(inherited) @executable_path/Frameworks";
				PRODUCT_NAME = "$(TARGET_NAME)";
			};
			name = Debug;
		};
		1B6898D51B4B6EF20035EFC9 /* Release */ = {
			isa = XCBuildConfiguration;
			baseConfigurationReference = 02F337FDB7615AA63E8DCE94 /* Pods-RxSwiftBridgeTest.release.xcconfig */;
			buildSettings = {
				ASSETCATALOG_COMPILER_APPICON_NAME = AppIcon;
				INFOPLIST_FILE = RxSwiftBridgeTest/Info.plist;
				LD_RUNPATH_SEARCH_PATHS = "$(inherited) @executable_path/Frameworks";
				PRODUCT_NAME = "$(TARGET_NAME)";
			};
			name = Release;
		};
		1B6898D71B4B6EF20035EFC9 /* Debug */ = {
			isa = XCBuildConfiguration;
			buildSettings = {
				BUNDLE_LOADER = "$(TEST_HOST)";
				FRAMEWORK_SEARCH_PATHS = (
					"$(SDKROOT)/Developer/Library/Frameworks",
					"$(inherited)",
				);
				GCC_PREPROCESSOR_DEFINITIONS = (
					"DEBUG=1",
					"$(inherited)",
				);
				INFOPLIST_FILE = RxSwiftBridgeTestTests/Info.plist;
				LD_RUNPATH_SEARCH_PATHS = "$(inherited) @executable_path/Frameworks @loader_path/Frameworks";
				PRODUCT_NAME = "$(TARGET_NAME)";
				TEST_HOST = "$(BUILT_PRODUCTS_DIR)/RxSwiftBridgeTest.app/RxSwiftBridgeTest";
			};
			name = Debug;
		};
		1B6898D81B4B6EF20035EFC9 /* Release */ = {
			isa = XCBuildConfiguration;
			buildSettings = {
				BUNDLE_LOADER = "$(TEST_HOST)";
				FRAMEWORK_SEARCH_PATHS = (
					"$(SDKROOT)/Developer/Library/Frameworks",
					"$(inherited)",
				);
				INFOPLIST_FILE = RxSwiftBridgeTestTests/Info.plist;
				LD_RUNPATH_SEARCH_PATHS = "$(inherited) @executable_path/Frameworks @loader_path/Frameworks";
				PRODUCT_NAME = "$(TARGET_NAME)";
				TEST_HOST = "$(BUILT_PRODUCTS_DIR)/RxSwiftBridgeTest.app/RxSwiftBridgeTest";
			};
			name = Release;
		};
/* End XCBuildConfiguration section */

/* Begin XCConfigurationList section */
		1B6898AF1B4B6EF20035EFC9 /* Build configuration list for PBXProject "RxSwiftBridgeTest" */ = {
			isa = XCConfigurationList;
			buildConfigurations = (
				1B6898D11B4B6EF20035EFC9 /* Debug */,
				1B6898D21B4B6EF20035EFC9 /* Release */,
			);
			defaultConfigurationIsVisible = 0;
			defaultConfigurationName = Release;
		};
		1B6898D31B4B6EF20035EFC9 /* Build configuration list for PBXNativeTarget "RxSwiftBridgeTest" */ = {
			isa = XCConfigurationList;
			buildConfigurations = (
				1B6898D41B4B6EF20035EFC9 /* Debug */,
				1B6898D51B4B6EF20035EFC9 /* Release */,
			);
			defaultConfigurationIsVisible = 0;
			defaultConfigurationName = Release;
		};
		1B6898D61B4B6EF20035EFC9 /* Build configuration list for PBXNativeTarget "RxSwiftBridgeTestTests" */ = {
			isa = XCConfigurationList;
			buildConfigurations = (
				1B6898D71B4B6EF20035EFC9 /* Debug */,
				1B6898D81B4B6EF20035EFC9 /* Release */,
			);
			defaultConfigurationIsVisible = 0;
			defaultConfigurationName = Release;
		};
/* End XCConfigurationList section */
	};
	rootObject = 1B6898AC1B4B6EF20035EFC9 /* Project object */;
}
